// !$*UTF8*$!
{
	archiveVersion = 1;
	classes = {
	};
	objectVersion = 48;
	objects = {

/* Begin PBXBuildFile section */
		0A1ED6FA19F6EC7865FAE1DE /* Pods_GaragemRealm.framework in Frameworks */ = {isa = PBXBuildFile; fileRef = C9F2F5BA953D355235DC984B /* Pods_GaragemRealm.framework */; };
		43E21C0E201018DC0088C637 /* AppDelegate.swift in Sources */ = {isa = PBXBuildFile; fileRef = 43E21C0D201018DC0088C637 /* AppDelegate.swift */; };
		43E21C13201018DC0088C637 /* Main.storyboard in Resources */ = {isa = PBXBuildFile; fileRef = 43E21C11201018DC0088C637 /* Main.storyboard */; };
		43E21C15201018DC0088C637 /* Assets.xcassets in Resources */ = {isa = PBXBuildFile; fileRef = 43E21C14201018DC0088C637 /* Assets.xcassets */; };
		43E21C18201018DC0088C637 /* LaunchScreen.storyboard in Resources */ = {isa = PBXBuildFile; fileRef = 43E21C16201018DC0088C637 /* LaunchScreen.storyboard */; };
		43E21C2020101DCE0088C637 /* GaragemTableViewController.swift in Sources */ = {isa = PBXBuildFile; fileRef = 43E21C1F20101DCE0088C637 /* GaragemTableViewController.swift */; };
		43E21C2220101E400088C637 /* Carro.swift in Sources */ = {isa = PBXBuildFile; fileRef = 43E21C2120101E400088C637 /* Carro.swift */; };
/* End PBXBuildFile section */

/* Begin PBXFileReference section */
		43E21C0A201018DC0088C637 /* GaragemRealm.app */ = {isa = PBXFileReference; explicitFileType = wrapper.application; includeInIndex = 0; path = GaragemRealm.app; sourceTree = BUILT_PRODUCTS_DIR; };
		43E21C0D201018DC0088C637 /* AppDelegate.swift */ = {isa = PBXFileReference; lastKnownFileType = sourcecode.swift; path = AppDelegate.swift; sourceTree = "<group>"; };
		43E21C12201018DC0088C637 /* Base */ = {isa = PBXFileReference; lastKnownFileType = file.storyboard; name = Base; path = Base.lproj/Main.storyboard; sourceTree = "<group>"; };
		43E21C14201018DC0088C637 /* Assets.xcassets */ = {isa = PBXFileReference; lastKnownFileType = folder.assetcatalog; path = Assets.xcassets; sourceTree = "<group>"; };
		43E21C17201018DC0088C637 /* Base */ = {isa = PBXFileReference; lastKnownFileType = file.storyboard; name = Base; path = Base.lproj/LaunchScreen.storyboard; sourceTree = "<group>"; };
		43E21C19201018DC0088C637 /* Info.plist */ = {isa = PBXFileReference; lastKnownFileType = text.plist.xml; path = Info.plist; sourceTree = "<group>"; };
		43E21C1F20101DCE0088C637 /* GaragemTableViewController.swift */ = {isa = PBXFileReference; lastKnownFileType = sourcecode.swift; path = GaragemTableViewController.swift; sourceTree = "<group>"; };
		43E21C2120101E400088C637 /* Carro.swift */ = {isa = PBXFileReference; lastKnownFileType = sourcecode.swift; path = Carro.swift; sourceTree = "<group>"; };
		AE811A3E2EA4FF16D766B2FD /* Pods-GaragemRealm.release.xcconfig */ = {isa = PBXFileReference; includeInIndex = 1; lastKnownFileType = text.xcconfig; name = "Pods-GaragemRealm.release.xcconfig"; path = "Pods/Target Support Files/Pods-GaragemRealm/Pods-GaragemRealm.release.xcconfig"; sourceTree = "<group>"; };
		C9F2F5BA953D355235DC984B /* Pods_GaragemRealm.framework */ = {isa = PBXFileReference; explicitFileType = wrapper.framework; includeInIndex = 0; path = Pods_GaragemRealm.framework; sourceTree = BUILT_PRODUCTS_DIR; };
		FFD0EC0EB7C1E8215083DAA1 /* Pods-GaragemRealm.debug.xcconfig */ = {isa = PBXFileReference; includeInIndex = 1; lastKnownFileType = text.xcconfig; name = "Pods-GaragemRealm.debug.xcconfig"; path = "Pods/Target Support Files/Pods-GaragemRealm/Pods-GaragemRealm.debug.xcconfig"; sourceTree = "<group>"; };
/* End PBXFileReference section */

/* Begin PBXFrameworksBuildPhase section */
		43E21C07201018DC0088C637 /* Frameworks */ = {
			isa = PBXFrameworksBuildPhase;
			buildActionMask = 2147483647;
			files = (
				0A1ED6FA19F6EC7865FAE1DE /* Pods_GaragemRealm.framework in Frameworks */,
			);
			runOnlyForDeploymentPostprocessing = 0;
		};
/* End PBXFrameworksBuildPhase section */

/* Begin PBXGroup section */
		43E21C01201018DC0088C637 = {
			isa = PBXGroup;
			children = (
				43E21C0C201018DC0088C637 /* GaragemRealm */,
				43E21C0B201018DC0088C637 /* Products */,
				5B45BEF19E7656D42F49A677 /* Pods */,
				CBCE7D571BE8D762BDABA9DF /* Frameworks */,
			);
			sourceTree = "<group>";
		};
		43E21C0B201018DC0088C637 /* Products */ = {
			isa = PBXGroup;
			children = (
				43E21C0A201018DC0088C637 /* GaragemRealm.app */,
			);
			name = Products;
			sourceTree = "<group>";
		};
		43E21C0C201018DC0088C637 /* GaragemRealm */ = {
			isa = PBXGroup;
			children = (
				43E21C0D201018DC0088C637 /* AppDelegate.swift */,
				43E21C11201018DC0088C637 /* Main.storyboard */,
				43E21C1F20101DCE0088C637 /* GaragemTableViewController.swift */,
				43E21C2120101E400088C637 /* Carro.swift */,
				43E21C14201018DC0088C637 /* Assets.xcassets */,
				43E21C16201018DC0088C637 /* LaunchScreen.storyboard */,
				43E21C19201018DC0088C637 /* Info.plist */,
			);
			path = GaragemRealm;
			sourceTree = "<group>";
		};
		5B45BEF19E7656D42F49A677 /* Pods */ = {
			isa = PBXGroup;
			children = (
				FFD0EC0EB7C1E8215083DAA1 /* Pods-GaragemRealm.debug.xcconfig */,
				AE811A3E2EA4FF16D766B2FD /* Pods-GaragemRealm.release.xcconfig */,
			);
			name = Pods;
			sourceTree = "<group>";
		};
		CBCE7D571BE8D762BDABA9DF /* Frameworks */ = {
			isa = PBXGroup;
			children = (
				C9F2F5BA953D355235DC984B /* Pods_GaragemRealm.framework */,
			);
			name = Frameworks;
			sourceTree = "<group>";
		};
/* End PBXGroup section */

/* Begin PBXNativeTarget section */
		43E21C09201018DC0088C637 /* GaragemRealm */ = {
			isa = PBXNativeTarget;
			buildConfigurationList = 43E21C1C201018DC0088C637 /* Build configuration list for PBXNativeTarget "GaragemRealm" */;
			buildPhases = (
				9F997D0CD34A9C257498E337 /* [CP] Check Pods Manifest.lock */,
				43E21C06201018DC0088C637 /* Sources */,
				43E21C07201018DC0088C637 /* Frameworks */,
				43E21C08201018DC0088C637 /* Resources */,
				C68E5985E51BC25C6561E638 /* [CP] Embed Pods Frameworks */,
				DBE93A6C2BC1DDD86B9AA4B9 /* [CP] Copy Pods Resources */,
			);
			buildRules = (
			);
			dependencies = (
			);
			name = GaragemRealm;
			productName = GaragemRealm;
			productReference = 43E21C0A201018DC0088C637 /* GaragemRealm.app */;
			productType = "com.apple.product-type.application";
		};
/* End PBXNativeTarget section */

/* Begin PBXProject section */
		43E21C02201018DC0088C637 /* Project object */ = {
			isa = PBXProject;
			attributes = {
				LastSwiftUpdateCheck = 0920;
				LastUpgradeCheck = 0920;
				ORGANIZATIONNAME = Corporate;
				TargetAttributes = {
					43E21C09201018DC0088C637 = {
						CreatedOnToolsVersion = 9.2;
						ProvisioningStyle = Automatic;
					};
				};
			};
			buildConfigurationList = 43E21C05201018DC0088C637 /* Build configuration list for PBXProject "GaragemRealm" */;
			compatibilityVersion = "Xcode 8.0";
			developmentRegion = en;
			hasScannedForEncodings = 0;
			knownRegions = (
				en,
				Base,
			);
			mainGroup = 43E21C01201018DC0088C637;
			productRefGroup = 43E21C0B201018DC0088C637 /* Products */;
			projectDirPath = "";
			projectRoot = "";
			targets = (
				43E21C09201018DC0088C637 /* GaragemRealm */,
			);
		};
/* End PBXProject section */

/* Begin PBXResourcesBuildPhase section */
		43E21C08201018DC0088C637 /* Resources */ = {
			isa = PBXResourcesBuildPhase;
			buildActionMask = 2147483647;
			files = (
				43E21C18201018DC0088C637 /* LaunchScreen.storyboard in Resources */,
				43E21C15201018DC0088C637 /* Assets.xcassets in Resources */,
				43E21C13201018DC0088C637 /* Main.storyboard in Resources */,
			);
			runOnlyForDeploymentPostprocessing = 0;
		};
/* End PBXResourcesBuildPhase section */

/* Begin PBXShellScriptBuildPhase section */
		9F997D0CD34A9C257498E337 /* [CP] Check Pods Manifest.lock */ = {
			isa = PBXShellScriptBuildPhase;
			buildActionMask = 2147483647;
			files = (
			);
			inputPaths = (
				"${PODS_PODFILE_DIR_PATH}/Podfile.lock",
				"${PODS_ROOT}/Manifest.lock",
			);
			name = "[CP] Check Pods Manifest.lock";
			outputPaths = (
				"$(DERIVED_FILE_DIR)/Pods-GaragemRealm-checkManifestLockResult.txt",
			);
			runOnlyForDeploymentPostprocessing = 0;
			shellPath = /bin/sh;
			shellScript = "diff \"${PODS_PODFILE_DIR_PATH}/Podfile.lock\" \"${PODS_ROOT}/Manifest.lock\" > /dev/null\nif [ $? != 0 ] ; then\n    # print error to STDERR\n    echo \"error: The sandbox is not in sync with the Podfile.lock. Run 'pod install' or update your CocoaPods installation.\" >&2\n    exit 1\nfi\n# This output is used by Xcode 'outputs' to avoid re-running this script phase.\necho \"SUCCESS\" > \"${SCRIPT_OUTPUT_FILE_0}\"\n";
			showEnvVarsInLog = 0;
		};
		C68E5985E51BC25C6561E638 /* [CP] Embed Pods Frameworks */ = {
			isa = PBXShellScriptBuildPhase;
			buildActionMask = 2147483647;
			files = (
			);
			inputPaths = (
				"${SRCROOT}/Pods/Target Support Files/Pods-GaragemRealm/Pods-GaragemRealm-frameworks.sh",
				"${BUILT_PRODUCTS_DIR}/Realm/Realm.framework",
				"${BUILT_PRODUCTS_DIR}/RealmSwift/RealmSwift.framework",
			);
			name = "[CP] Embed Pods Frameworks";
			outputPaths = (
				"${TARGET_BUILD_DIR}/${FRAMEWORKS_FOLDER_PATH}/Realm.framework",
				"${TARGET_BUILD_DIR}/${FRAMEWORKS_FOLDER_PATH}/RealmSwift.framework",
			);
			runOnlyForDeploymentPostprocessing = 0;
			shellPath = /bin/sh;
			shellScript = "\"${SRCROOT}/Pods/Target Support Files/Pods-GaragemRealm/Pods-GaragemRealm-frameworks.sh\"\n";
			showEnvVarsInLog = 0;
		};
		DBE93A6C2BC1DDD86B9AA4B9 /* [CP] Copy Pods Resources */ = {
			isa = PBXShellScriptBuildPhase;
			buildActionMask = 2147483647;
			files = (
			);
			inputPaths = (
			);
			name = "[CP] Copy Pods Resources";
			outputPaths = (
			);
			runOnlyForDeploymentPostprocessing = 0;
			shellPath = /bin/sh;
			shellScript = "\"${SRCROOT}/Pods/Target Support Files/Pods-GaragemRealm/Pods-GaragemRealm-resources.sh\"\n";
			showEnvVarsInLog = 0;
		};
/* End PBXShellScriptBuildPhase section */

/* Begin PBXSourcesBuildPhase section */
		43E21C06201018DC0088C637 /* Sources */ = {
			isa = PBXSourcesBuildPhase;
			buildActionMask = 2147483647;
			files = (
				43E21C2020101DCE0088C637 /* GaragemTableViewController.swift in Sources */,
				43E21C2220101E400088C637 /* Carro.swift in Sources */,
				43E21C0E201018DC0088C637 /* AppDelegate.swift in Sources */,
			);
			runOnlyForDeploymentPostprocessing = 0;
		};
/* End PBXSourcesBuildPhase section */

/* Begin PBXVariantGroup section */
		43E21C11201018DC0088C637 /* Main.storyboard */ = {
			isa = PBXVariantGroup;
			children = (
				43E21C12201018DC0088C637 /* Base */,
			);
			name = Main.storyboard;
			sourceTree = "<group>";
		};
		43E21C16201018DC0088C637 /* LaunchScreen.storyboard */ = {
			isa = PBXVariantGroup;
			children = (
				43E21C17201018DC0088C637 /* Base */,
			);
			name = LaunchScreen.storyboard;
			sourceTree = "<group>";
		};
/* End PBXVariantGroup section */

/* Begin XCBuildConfiguration section */
		43E21C1A201018DC0088C637 /* Debug */ = {
			isa = XCBuildConfiguration;
			buildSettings = {
				ALWAYS_SEARCH_USER_PATHS = NO;
				CLANG_ANALYZER_NONNULL = YES;
				CLANG_ANALYZER_NUMBER_OBJECT_CONVERSION = YES_AGGRESSIVE;
				CLANG_CXX_LANGUAGE_STANDARD = "gnu++14";
				CLANG_CXX_LIBRARY = "libc++";
				CLANG_ENABLE_MODULES = YES;
				CLANG_ENABLE_OBJC_ARC = YES;
				CLANG_WARN_BLOCK_CAPTURE_AUTORELEASING = YES;
				CLANG_WARN_BOOL_CONVERSION = YES;
				CLANG_WARN_COMMA = YES;
				CLANG_WARN_CONSTANT_CONVERSION = YES;
				CLANG_WARN_DIRECT_OBJC_ISA_USAGE = YES_ERROR;
				CLANG_WARN_DOCUMENTATION_COMMENTS = YES;
				CLANG_WARN_EMPTY_BODY = YES;
				CLANG_WARN_ENUM_CONVERSION = YES;
				CLANG_WARN_INFINITE_RECURSION = YES;
				CLANG_WARN_INT_CONVERSION = YES;
				CLANG_WARN_NON_LITERAL_NULL_CONVERSION = YES;
				CLANG_WARN_OBJC_LITERAL_CONVERSION = YES;
				CLANG_WARN_OBJC_ROOT_CLASS = YES_ERROR;
				CLANG_WARN_RANGE_LOOP_ANALYSIS = YES;
				CLANG_WARN_STRICT_PROTOTYPES = YES;
				CLANG_WARN_SUSPICIOUS_MOVE = YES;
				CLANG_WARN_UNGUARDED_AVAILABILITY = YES_AGGRESSIVE;
				CLANG_WARN_UNREACHABLE_CODE = YES;
				CLANG_WARN__DUPLICATE_METHOD_MATCH = YES;
				CODE_SIGN_IDENTITY = "iPhone Developer";
				COPY_PHASE_STRIP = NO;
				DEBUG_INFORMATION_FORMAT = dwarf;
				ENABLE_STRICT_OBJC_MSGSEND = YES;
				ENABLE_TESTABILITY = YES;
				GCC_C_LANGUAGE_STANDARD = gnu11;
				GCC_DYNAMIC_NO_PIC = NO;
				GCC_NO_COMMON_BLOCKS = YES;
				GCC_OPTIMIZATION_LEVEL = 0;
				GCC_PREPROCESSOR_DEFINITIONS = (
					"DEBUG=1",
					"$(inherited)",
				);
				GCC_WARN_64_TO_32_BIT_CONVERSION = YES;
				GCC_WARN_ABOUT_RETURN_TYPE = YES_ERROR;
				GCC_WARN_UNDECLARED_SELECTOR = YES;
				GCC_WARN_UNINITIALIZED_AUTOS = YES_AGGRESSIVE;
				GCC_WARN_UNUSED_FUNCTION = YES;
				GCC_WARN_UNUSED_VARIABLE = YES;
				IPHONEOS_DEPLOYMENT_TARGET = 11.2;
				MTL_ENABLE_DEBUG_INFO = YES;
				ONLY_ACTIVE_ARCH = YES;
				SDKROOT = iphoneos;
				SWIFT_ACTIVE_COMPILATION_CONDITIONS = DEBUG;
				SWIFT_OPTIMIZATION_LEVEL = "-Onone";
			};
			name = Debug;
		};
		43E21C1B201018DC0088C637 /* Release */ = {
			isa = XCBuildConfiguration;
			buildSettings = {
				ALWAYS_SEARCH_USER_PATHS = NO;
				CLANG_ANALYZER_NONNULL = YES;
				CLANG_ANALYZER_NUMBER_OBJECT_CONVERSION = YES_AGGRESSIVE;
				CLANG_CXX_LANGUAGE_STANDARD = "gnu++14";
				CLANG_CXX_LIBRARY = "libc++";
				CLANG_ENABLE_MODULES = YES;
				CLANG_ENABLE_OBJC_ARC = YES;
				CLANG_WARN_BLOCK_CAPTURE_AUTORELEASING = YES;
				CLANG_WARN_BOOL_CONVERSION = YES;
				CLANG_WARN_COMMA = YES;
				CLANG_WARN_CONSTANT_CONVERSION = YES;
				CLANG_WARN_DIRECT_OBJC_ISA_USAGE = YES_ERROR;
				CLANG_WARN_DOCUMENTATION_COMMENTS = YES;
				CLANG_WARN_EMPTY_BODY = YES;
				CLANG_WARN_ENUM_CONVERSION = YES;
				CLANG_WARN_INFINITE_RECURSION = YES;
				CLANG_WARN_INT_CONVERSION = YES;
				CLANG_WARN_NON_LITERAL_NULL_CONVERSION = YES;
				CLANG_WARN_OBJC_LITERAL_CONVERSION = YES;
				CLANG_WARN_OBJC_ROOT_CLASS = YES_ERROR;
				CLANG_WARN_RANGE_LOOP_ANALYSIS = YES;
				CLANG_WARN_STRICT_PROTOTYPES = YES;
				CLANG_WARN_SUSPICIOUS_MOVE = YES;
				CLANG_WARN_UNGUARDED_AVAILABILITY = YES_AGGRESSIVE;
				CLANG_WARN_UNREACHABLE_CODE = YES;
				CLANG_WARN__DUPLICATE_METHOD_MATCH = YES;
				CODE_SIGN_IDENTITY = "iPhone Developer";
				COPY_PHASE_STRIP = NO;
				DEBUG_INFORMATION_FORMAT = "dwarf-with-dsym";
				ENABLE_NS_ASSERTIONS = NO;
				ENABLE_STRICT_OBJC_MSGSEND = YES;
				GCC_C_LANGUAGE_STANDARD = gnu11;
				GCC_NO_COMMON_BLOCKS = YES;
				GCC_WARN_64_TO_32_BIT_CONVERSION = YES;
				GCC_WARN_ABOUT_RETURN_TYPE = YES_ERROR;
				GCC_WARN_UNDECLARED_SELECTOR = YES;
				GCC_WARN_UNINITIALIZED_AUTOS = YES_AGGRESSIVE;
				GCC_WARN_UNUSED_FUNCTION = YES;
				GCC_WARN_UNUSED_VARIABLE = YES;
				IPHONEOS_DEPLOYMENT_TARGET = 11.2;
				MTL_ENABLE_DEBUG_INFO = NO;
				SDKROOT = iphoneos;
				SWIFT_OPTIMIZATION_LEVEL = "-Owholemodule";
				VALIDATE_PRODUCT = YES;
			};
			name = Release;
		};
		43E21C1D201018DC0088C637 /* Debug */ = {
			isa = XCBuildConfiguration;
			baseConfigurationReference = FFD0EC0EB7C1E8215083DAA1 /* Pods-GaragemRealm.debug.xcconfig */;
			buildSettings = {
				ASSETCATALOG_COMPILER_APPICON_NAME = AppIcon;
				CODE_SIGN_STYLE = Automatic;
				INFOPLIST_FILE = GaragemRealm/Info.plist;
				LD_RUNPATH_SEARCH_PATHS = "$(inherited) @executable_path/Frameworks";
				PRODUCT_BUNDLE_IDENTIFIER = br.com.corporate.GaragemRealm;
				PRODUCT_NAME = "$(TARGET_NAME)";
				SWIFT_VERSION = 4.0;
				TARGETED_DEVICE_FAMILY = "1,2";
			};
			name = Debug;
		};
		43E21C1E201018DC0088C637 /* Release */ = {
			isa = XCBuildConfiguration;
			baseConfigurationReference = AE811A3E2EA4FF16D766B2FD /* Pods-GaragemRealm.release.xcconfig */;
			buildSettings = {
				ASSETCATALOG_COMPILER_APPICON_NAME = AppIcon;
				CODE_SIGN_STYLE = Automatic;
				INFOPLIST_FILE = GaragemRealm/Info.plist;
				LD_RUNPATH_SEARCH_PATHS = "$(inherited) @executable_path/Frameworks";
				PRODUCT_BUNDLE_IDENTIFIER = br.com.corporate.GaragemRealm;
				PRODUCT_NAME = "$(TARGET_NAME)";
				SWIFT_VERSION = 4.0;
				TARGETED_DEVICE_FAMILY = "1,2";
			};
			name = Release;
		};
/* End XCBuildConfiguration section */

/* Begin XCConfigurationList section */
		43E21C05201018DC0088C637 /* Build configuration list for PBXProject "GaragemRealm" */ = {
			isa = XCConfigurationList;
			buildConfigurations = (
				43E21C1A201018DC0088C637 /* Debug */,
				43E21C1B201018DC0088C637 /* Release */,
			);
			defaultConfigurationIsVisible = 0;
			defaultConfigurationName = Release;
		};
		43E21C1C201018DC0088C637 /* Build configuration list for PBXNativeTarget "GaragemRealm" */ = {
			isa = XCConfigurationList;
			buildConfigurations = (
				43E21C1D201018DC0088C637 /* Debug */,
				43E21C1E201018DC0088C637 /* Release */,
			);
			defaultConfigurationIsVisible = 0;
			defaultConfigurationName = Release;
		};
/* End XCConfigurationList section */
	};
	rootObject = 43E21C02201018DC0088C637 /* Project object */;
}
